# This file is generated by running "yarn install" inside your project.
# Manual changes might be lost - proceed with caution!

__metadata:
  version: 6
  cacheKey: 8

"@discordjs/collection@npm:^0.1.6":
  version: 0.1.6
  resolution: "@discordjs/collection@npm:0.1.6"
  checksum: a0ddf757098fa01a4d9d5812daf3c2ea88c1297618d346705e603642c2f19656188fbfb3d503ee77f2ee69e7a1c1bfe25932aec032692ee3c338335524886e05
  languageName: node
  linkType: hard

"@discordjs/form-data@npm:^3.0.1":
  version: 3.0.1
  resolution: "@discordjs/form-data@npm:3.0.1"
  dependencies:
    asynckit: ^0.4.0
    combined-stream: ^1.0.8
    mime-types: ^2.1.12
  checksum: 2b431b1a14f8ac521e1c13567856cef7e61e05aafe2721e03d9e074bb7e5f45c89fc123b126964943edf301ec612d04515dcf068ea9773a2e30a99a844c00603
  languageName: node
  linkType: hard

"@sindresorhus/is@npm:^0.14.0":
  version: 0.14.0
  resolution: "@sindresorhus/is@npm:0.14.0"
  checksum: 971e0441dd44ba3909b467219a5e242da0fc584048db5324cfb8048148fa8dcc9d44d71e3948972c4f6121d24e5da402ef191420d1266a95f713bb6d6e59c98a
  languageName: node
  linkType: hard

"@szmarczak/http-timer@npm:^1.1.2":
  version: 1.1.2
  resolution: "@szmarczak/http-timer@npm:1.1.2"
  dependencies:
    defer-to-connect: ^1.0.1
  checksum: 4d9158061c5f397c57b4988cde33a163244e4f02df16364f103971957a32886beb104d6180902cbe8b38cb940e234d9f98a4e486200deca621923f62f50a06fe
  languageName: node
  linkType: hard

"@types/keyv@npm:^3.1.1":
  version: 3.1.4
  resolution: "@types/keyv@npm:3.1.4"
  dependencies:
    "@types/node": "*"
  checksum: e009a2bfb50e90ca9b7c6e8f648f8464067271fd99116f881073fa6fa76dc8d0133181dd65e6614d5fb1220d671d67b0124aef7d97dc02d7e342ab143a47779d
  languageName: node
  linkType: hard

"@types/node@npm:*":
  version: 18.11.10
  resolution: "@types/node@npm:18.11.10"
  checksum: 0f60cb090b2ee91fcd3dc4311bc1ed7889b92f14644c0069f100776f86474c12eebbcc6c75bc0d7d96b975a103b4d5d6b3c22b4e88bea6e7f4e2b1bb0daf5ea8
  languageName: node
  linkType: hard

"@types/responselike@npm:^1.0.0":
  version: 1.0.0
  resolution: "@types/responselike@npm:1.0.0"
  dependencies:
    "@types/node": "*"
  checksum: e99fc7cc6265407987b30deda54c1c24bb1478803faf6037557a774b2f034c5b097ffd65847daa87e82a61a250d919f35c3588654b0fdaa816906650f596d1b0
  languageName: node
  linkType: hard

"@vitalets/google-translate-api@npm:^7.0.0":
  version: 7.0.0
  resolution: "@vitalets/google-translate-api@npm:7.0.0"
  dependencies:
    configstore: ^5.0.1
    got: ^9.6.0
  checksum: 5504c438bc06991ea0cca53a9fdf59c480589548f315dfd69f34382496c64808c8c88196172c5791923c98ebe77a28301dea3728609205b89a1a21dfe633933d
  languageName: node
  linkType: hard

"abort-controller@npm:^3.0.0":
  version: 3.0.0
  resolution: "abort-controller@npm:3.0.0"
  dependencies:
    event-target-shim: ^5.0.0
  checksum: 170bdba9b47b7e65906a28c8ce4f38a7a369d78e2271706f020849c1bfe0ee2067d4261df8bbb66eb84f79208fd5b710df759d64191db58cfba7ce8ef9c54b75
  languageName: node
  linkType: hard

"asynckit@npm:^0.4.0":
  version: 0.4.0
  resolution: "asynckit@npm:0.4.0"
  checksum: 7b78c451df768adba04e2d02e63e2d0bf3b07adcd6e42b4cf665cb7ce899bedd344c69a1dcbce355b5f972d597b25aaa1c1742b52cffd9caccb22f348114f6be
  languageName: node
  linkType: hard

"axios@npm:^0.19.2":
  version: 0.19.2
  resolution: "axios@npm:0.19.2"
  dependencies:
    follow-redirects: 1.5.10
  checksum: dcace11a0a25fdf9b3b97fc9d011d23dd9c67cc13d91778080482ddddbbfe731f7410a090b11aa0bbbdf83686c5911ccb4289fd3683b7488c1b0c4d3c882380c
  languageName: node
  linkType: hard

"axios@npm:^0.21.4":
  version: 0.21.4
  resolution: "axios@npm:0.21.4"
  dependencies:
    follow-redirects: ^1.14.0
  checksum: 44245f24ac971e7458f3120c92f9d66d1fc695e8b97019139de5b0cc65d9b8104647db01e5f46917728edfc0cfd88eb30fc4c55e6053eef4ace76768ce95ff3c
  languageName: node
  linkType: hard

"boolbase@npm:^1.0.0":
  version: 1.0.0
  resolution: "boolbase@npm:1.0.0"
  checksum: 3e25c80ef626c3a3487c73dbfc70ac322ec830666c9ad915d11b701142fab25ec1e63eff2c450c74347acfd2de854ccde865cd79ef4db1683f7c7b046ea43bb0
  languageName: node
  linkType: hard

"cacheable-request@npm:^6.0.0":
  version: 6.1.0
  resolution: "cacheable-request@npm:6.1.0"
  dependencies:
    clone-response: ^1.0.2
    get-stream: ^5.1.0
    http-cache-semantics: ^4.0.0
    keyv: ^3.0.0
    lowercase-keys: ^2.0.0
    normalize-url: ^4.1.0
    responselike: ^1.0.2
  checksum: b510b237b18d17e89942e9ee2d2a077cb38db03f12167fd100932dfa8fc963424bfae0bfa1598df4ae16c944a5484e43e03df8f32105b04395ee9495e9e4e9f1
  languageName: node
  linkType: hard

"call-bind@npm:^1.0.0":
  version: 1.0.2
  resolution: "call-bind@npm:1.0.2"
  dependencies:
    function-bind: ^1.1.1
    get-intrinsic: ^1.0.2
  checksum: f8e31de9d19988a4b80f3e704788c4a2d6b6f3d17cfec4f57dc29ced450c53a49270dc66bf0fbd693329ee948dd33e6c90a329519aef17474a4d961e8d6426b0
  languageName: node
  linkType: hard

"cheerio-select@npm:^2.1.0":
  version: 2.1.0
  resolution: "cheerio-select@npm:2.1.0"
  dependencies:
    boolbase: ^1.0.0
    css-select: ^5.1.0
    css-what: ^6.1.0
    domelementtype: ^2.3.0
    domhandler: ^5.0.3
    domutils: ^3.0.1
  checksum: 843d6d479922f28a6c5342c935aff1347491156814de63c585a6eb73baf7bb4185c1b4383a1195dca0f12e3946d737c7763bcef0b9544c515d905c5c44c5308b
  languageName: node
  linkType: hard

"cheerio@npm:^1.0.0-rc.10, cheerio@npm:^1.0.0-rc.3":
  version: 1.0.0-rc.12
  resolution: "cheerio@npm:1.0.0-rc.12"
  dependencies:
    cheerio-select: ^2.1.0
    dom-serializer: ^2.0.0
    domhandler: ^5.0.3
    domutils: ^3.0.1
    htmlparser2: ^8.0.1
    parse5: ^7.0.0
    parse5-htmlparser2-tree-adapter: ^7.0.0
  checksum: 5d4c1b7a53cf22d3a2eddc0aff70cf23cbb30d01a4c79013e703a012475c02461aa1fcd99127e8d83a02216386ed6942b2c8103845fd0812300dd199e6e7e054
  languageName: node
  linkType: hard

"clone-response@npm:^1.0.2":
  version: 1.0.3
  resolution: "clone-response@npm:1.0.3"
  dependencies:
    mimic-response: ^1.0.0
  checksum: 4e671cac39b11c60aa8ba0a450657194a5d6504df51bca3fac5b3bd0145c4f8e8464898f87c8406b83232e3bc5cca555f51c1f9c8ac023969ebfbf7f6bdabb2e
  languageName: node
  linkType: hard

"combined-stream@npm:^1.0.8":
  version: 1.0.8
  resolution: "combined-stream@npm:1.0.8"
  dependencies:
    delayed-stream: ~1.0.0
  checksum: 49fa4aeb4916567e33ea81d088f6584749fc90c7abec76fd516bf1c5aa5c79f3584b5ba3de6b86d26ddd64bae5329c4c7479343250cfe71c75bb366eae53bb7c
  languageName: node
  linkType: hard

"common-tags@npm:^1.8.0":
  version: 1.8.2
  resolution: "common-tags@npm:1.8.2"
  checksum: 767a6255a84bbc47df49a60ab583053bb29a7d9687066a18500a516188a062c4e4cd52de341f22de0b07062e699b1b8fe3cfa1cb55b241cb9301aeb4f45b4dff
  languageName: node
  linkType: hard

"configstore@npm:^5.0.1":
  version: 5.0.1
  resolution: "configstore@npm:5.0.1"
  dependencies:
    dot-prop: ^5.2.0
    graceful-fs: ^4.1.2
    make-dir: ^3.0.0
    unique-string: ^2.0.0
    write-file-atomic: ^3.0.0
    xdg-basedir: ^4.0.0
  checksum: 60ef65d493b63f96e14b11ba7ec072fdbf3d40110a94fb7199d1c287761bdea5c5244e76b2596325f30c1b652213aa75de96ea20afd4a5f82065e61ea090988e
  languageName: node
  linkType: hard

"crypto-random-string@npm:^2.0.0":
  version: 2.0.0
  resolution: "crypto-random-string@npm:2.0.0"
  checksum: 0283879f55e7c16fdceacc181f87a0a65c53bc16ffe1d58b9d19a6277adcd71900d02bb2c4843dd55e78c51e30e89b0fec618a7f170ebcc95b33182c28f05fd6
  languageName: node
  linkType: hard

"css-select@npm:^5.1.0":
  version: 5.1.0
  resolution: "css-select@npm:5.1.0"
  dependencies:
    boolbase: ^1.0.0
    css-what: ^6.1.0
    domhandler: ^5.0.2
    domutils: ^3.0.1
    nth-check: ^2.0.1
  checksum: 2772c049b188d3b8a8159907192e926e11824aea525b8282981f72ba3f349cf9ecd523fdf7734875ee2cb772246c22117fc062da105b6d59afe8dcd5c99c9bda
  languageName: node
  linkType: hard

"css-what@npm:^6.1.0":
  version: 6.1.0
  resolution: "css-what@npm:6.1.0"
  checksum: b975e547e1e90b79625918f84e67db5d33d896e6de846c9b584094e529f0c63e2ab85ee33b9daffd05bff3a146a1916bec664e18bb76dd5f66cbff9fc13b2bbe
  languageName: node
  linkType: hard

"debug@npm:=3.1.0":
  version: 3.1.0
  resolution: "debug@npm:3.1.0"
  dependencies:
    ms: 2.0.0
  checksum: 0b52718ab957254a5b3ca07fc34543bc778f358620c206a08452251eb7fc193c3ea3505072acbf4350219c14e2d71ceb7bdaa0d3370aa630b50da790458d08b3
  languageName: node
  linkType: hard

"decompress-response@npm:^3.3.0":
  version: 3.3.0
  resolution: "decompress-response@npm:3.3.0"
  dependencies:
    mimic-response: ^1.0.0
  checksum: 952552ac3bd7de2fc18015086b09468645c9638d98a551305e485230ada278c039c91116e946d07894b39ee53c0f0d5b6473f25a224029344354513b412d7380
  languageName: node
  linkType: hard

"defer-to-connect@npm:^1.0.1":
  version: 1.1.3
  resolution: "defer-to-connect@npm:1.1.3"
  checksum: 9491b301dcfa04956f989481ba7a43c2231044206269eb4ab64a52d6639ee15b1252262a789eb4239fb46ab63e44d4e408641bae8e0793d640aee55398cb3930
  languageName: node
  linkType: hard

"delayed-stream@npm:~1.0.0":
  version: 1.0.0
  resolution: "delayed-stream@npm:1.0.0"
  checksum: 46fe6e83e2cb1d85ba50bd52803c68be9bd953282fa7096f51fc29edd5d67ff84ff753c51966061e5ba7cb5e47ef6d36a91924eddb7f3f3483b1c560f77a0020
  languageName: node
  linkType: hard

"discord.js-commando@github:discordjs/Commando":
  version: 0.12.3
  resolution: "discord.js-commando@https://github.com/discordjs/Commando.git#commit=5f77f10c0bf0a0fc71af40a9ceee4eed5c76c749"
  dependencies:
    common-tags: ^1.8.0
    emoji-regex: ^9.2.0
    is-promise: ^4.0.0
    require-all: ^3.0.0
  checksum: e92df652c1c8145ae76623933f8743a50b17a180befb62bbee8bfd95ce57f0ac3736c73c984ef1f91c63d77ab846a51adb79981ba0d63b196ba7f52c91aef08a
  languageName: node
  linkType: hard

"discord.js@npm:^12.5.3":
  version: 12.5.3
  resolution: "discord.js@npm:12.5.3"
  dependencies:
    "@discordjs/collection": ^0.1.6
    "@discordjs/form-data": ^3.0.1
    abort-controller: ^3.0.0
    node-fetch: ^2.6.1
    prism-media: ^1.2.9
    setimmediate: ^1.0.5
    tweetnacl: ^1.0.3
    ws: ^7.4.4
  checksum: 66c95c2fe3e96533117c65410a4229d38cf972794e800b63108047841a4347d489b56e049f42d7bea90e11e7d33b0d2622ad6aa9a63b9595f0b022efc3519fac
  languageName: node
  linkType: hard

"dom-serializer@npm:^2.0.0":
  version: 2.0.0
  resolution: "dom-serializer@npm:2.0.0"
  dependencies:
    domelementtype: ^2.3.0
    domhandler: ^5.0.2
    entities: ^4.2.0
  checksum: cd1810544fd8cdfbd51fa2c0c1128ec3a13ba92f14e61b7650b5de421b88205fd2e3f0cc6ace82f13334114addb90ed1c2f23074a51770a8e9c1273acbc7f3e6
  languageName: node
  linkType: hard

"domelementtype@npm:^2.3.0":
  version: 2.3.0
  resolution: "domelementtype@npm:2.3.0"
  checksum: ee837a318ff702622f383409d1f5b25dd1024b692ef64d3096ff702e26339f8e345820f29a68bcdcea8cfee3531776b3382651232fbeae95612d6f0a75efb4f6
  languageName: node
  linkType: hard

"domhandler@npm:^5.0.1, domhandler@npm:^5.0.2, domhandler@npm:^5.0.3":
  version: 5.0.3
  resolution: "domhandler@npm:5.0.3"
  dependencies:
    domelementtype: ^2.3.0
  checksum: 0f58f4a6af63e6f3a4320aa446d28b5790a009018707bce2859dcb1d21144c7876482b5188395a188dfa974238c019e0a1e610d2fc269a12b2c192ea2b0b131c
  languageName: node
  linkType: hard

"domutils@npm:^3.0.1":
  version: 3.0.1
  resolution: "domutils@npm:3.0.1"
  dependencies:
    dom-serializer: ^2.0.0
    domelementtype: ^2.3.0
    domhandler: ^5.0.1
  checksum: 23aa7a840572d395220e173cb6263b0d028596e3950100520870a125af33ff819e6f609e1606d6f7d73bd9e7feb03bb404286e57a39063b5384c62b724d987b3
  languageName: node
  linkType: hard

"dot-prop@npm:^5.2.0":
  version: 5.3.0
  resolution: "dot-prop@npm:5.3.0"
  dependencies:
    is-obj: ^2.0.0
  checksum: d5775790093c234ef4bfd5fbe40884ff7e6c87573e5339432870616331189f7f5d86575c5b5af2dcf0f61172990f4f734d07844b1f23482fff09e3c4bead05ea
  languageName: node
  linkType: hard

"dot-prop@npm:^6.0.1":
  version: 6.0.1
  resolution: "dot-prop@npm:6.0.1"
  dependencies:
    is-obj: ^2.0.0
  checksum: 0f47600a4b93e1dc37261da4e6909652c008832a5d3684b5bf9a9a0d3f4c67ea949a86dceed9b72f5733ed8e8e6383cc5958df3bbd0799ee317fd181f2ece700
  languageName: node
  linkType: hard

"dotenv@npm:^8.6.0":
  version: 8.6.0
  resolution: "dotenv@npm:8.6.0"
  checksum: 38e902c80b0666ab59e9310a3d24ed237029a7ce34d976796349765ac96b8d769f6df19090f1f471b77a25ca391971efde8a1ea63bb83111bd8bec8e5cc9b2cd
  languageName: node
  linkType: hard

"duplexer3@npm:^0.1.4":
  version: 0.1.5
  resolution: "duplexer3@npm:0.1.5"
  checksum: e677cb4c48f031ca728601d6a20bf6aed4c629d69ef9643cb89c67583d673c4ec9317cc6427501f38bd8c368d3a18f173987cc02bd99d8cf8fe3d94259a22a20
  languageName: node
  linkType: hard

"emoji-regex@npm:^9.2.0":
  version: 9.2.2
  resolution: "emoji-regex@npm:9.2.2"
  checksum: 8487182da74aabd810ac6d6f1994111dfc0e331b01271ae01ec1eb0ad7b5ecc2bbbbd2f053c05cb55a1ac30449527d819bbfbf0e3de1023db308cbcb47f86601
  languageName: node
  linkType: hard

"end-of-stream@npm:^1.1.0":
  version: 1.4.4
  resolution: "end-of-stream@npm:1.4.4"
  dependencies:
    once: ^1.4.0
  checksum: 530a5a5a1e517e962854a31693dbb5c0b2fc40b46dad2a56a2deec656ca040631124f4795823acc68238147805f8b021abbe221f4afed5ef3c8e8efc2024908b
  languageName: node
  linkType: hard

"entities@npm:^4.2.0, entities@npm:^4.3.0, entities@npm:^4.4.0":
  version: 4.4.0
  resolution: "entities@npm:4.4.0"
  checksum: 84d250329f4b56b40fa93ed067b194db21e8815e4eb9b59f43a086f0ecd342814f6bc483de8a77da5d64e0f626033192b1b4f1792232a7ea6b970ebe0f3187c2
  languageName: node
  linkType: hard

"event-target-shim@npm:^5.0.0":
  version: 5.0.1
  resolution: "event-target-shim@npm:5.0.1"
  checksum: 1ffe3bb22a6d51bdeb6bf6f7cf97d2ff4a74b017ad12284cc9e6a279e727dc30a5de6bb613e5596ff4dc3e517841339ad09a7eec44266eccb1aa201a30448166
  languageName: node
  linkType: hard

"follow-redirects@npm:1.5.10":
  version: 1.5.10
  resolution: "follow-redirects@npm:1.5.10"
  dependencies:
    debug: =3.1.0
  checksum: 0edc4b74e37e7b88ee716188a8f2a790238877c1d954f00c7b78d560f3bef40061c130536d13bee8e47b4e8e71edf1175a2de2729e51ab8206e4646b2370e484
  languageName: node
  linkType: hard

"follow-redirects@npm:^1.14.0":
  version: 1.15.2
  resolution: "follow-redirects@npm:1.15.2"
  peerDependenciesMeta:
    debug:
      optional: true
  checksum: faa66059b66358ba65c234c2f2a37fcec029dc22775f35d9ad6abac56003268baf41e55f9ee645957b32c7d9f62baf1f0b906e68267276f54ec4b4c597c2b190
  languageName: node
  linkType: hard

"form-data@npm:^3.0.0":
  version: 3.0.1
  resolution: "form-data@npm:3.0.1"
  dependencies:
    asynckit: ^0.4.0
    combined-stream: ^1.0.8
    mime-types: ^2.1.12
  checksum: b019e8d35c8afc14a2bd8a7a92fa4f525a4726b6d5a9740e8d2623c30e308fbb58dc8469f90415a856698933c8479b01646a9dff33c87cc4e76d72aedbbf860d
  languageName: node
  linkType: hard

"function-bind@npm:^1.1.1":
  version: 1.1.1
  resolution: "function-bind@npm:1.1.1"
  checksum: b32fbaebb3f8ec4969f033073b43f5c8befbb58f1a79e12f1d7490358150359ebd92f49e72ff0144f65f2c48ea2a605bff2d07965f548f6474fd8efd95bf361a
  languageName: node
  linkType: hard

"get-intrinsic@npm:^1.0.2":
  version: 1.1.3
  resolution: "get-intrinsic@npm:1.1.3"
  dependencies:
    function-bind: ^1.1.1
    has: ^1.0.3
    has-symbols: ^1.0.3
  checksum: 152d79e87251d536cf880ba75cfc3d6c6c50e12b3a64e1ea960e73a3752b47c69f46034456eae1b0894359ce3bc64c55c186f2811f8a788b75b638b06fab228a
  languageName: node
  linkType: hard

"get-stream@npm:^4.1.0":
  version: 4.1.0
  resolution: "get-stream@npm:4.1.0"
  dependencies:
    pump: ^3.0.0
  checksum: 443e1914170c15bd52ff8ea6eff6dfc6d712b031303e36302d2778e3de2506af9ee964d6124010f7818736dcfde05c04ba7ca6cc26883106e084357a17ae7d73
  languageName: node
  linkType: hard

"get-stream@npm:^5.1.0":
  version: 5.2.0
  resolution: "get-stream@npm:5.2.0"
  dependencies:
    pump: ^3.0.0
  checksum: 8bc1a23174a06b2b4ce600df38d6c98d2ef6d84e020c1ddad632ad75bac4e092eeb40e4c09e0761c35fc2dbc5e7fff5dab5e763a383582c4a167dd69a905bd12
  languageName: node
  linkType: hard

"got@npm:^9.6.0":
  version: 9.6.0
  resolution: "got@npm:9.6.0"
  dependencies:
    "@sindresorhus/is": ^0.14.0
    "@szmarczak/http-timer": ^1.1.2
    cacheable-request: ^6.0.0
    decompress-response: ^3.3.0
    duplexer3: ^0.1.4
    get-stream: ^4.1.0
    lowercase-keys: ^1.0.1
    mimic-response: ^1.0.1
    p-cancelable: ^1.0.0
    to-readable-stream: ^1.0.0
    url-parse-lax: ^3.0.0
  checksum: 941807bd9704bacf5eb401f0cc1212ffa1f67c6642f2d028fd75900471c221b1da2b8527f4553d2558f3faeda62ea1cf31665f8b002c6137f5de8732f07370b0
  languageName: node
  linkType: hard

"graceful-fs@npm:^4.1.2":
  version: 4.2.10
  resolution: "graceful-fs@npm:4.2.10"
  checksum: 3f109d70ae123951905d85032ebeae3c2a5a7a997430df00ea30df0e3a6c60cf6689b109654d6fdacd28810a053348c4d14642da1d075049e6be1ba5216218da
  languageName: node
  linkType: hard

"has-symbols@npm:^1.0.3":
  version: 1.0.3
  resolution: "has-symbols@npm:1.0.3"
  checksum: a054c40c631c0d5741a8285010a0777ea0c068f99ed43e5d6eb12972da223f8af553a455132fdb0801bdcfa0e0f443c0c03a68d8555aa529b3144b446c3f2410
  languageName: node
  linkType: hard

"has@npm:^1.0.3":
  version: 1.0.3
  resolution: "has@npm:1.0.3"
  dependencies:
    function-bind: ^1.1.1
  checksum: b9ad53d53be4af90ce5d1c38331e712522417d017d5ef1ebd0507e07c2fbad8686fffb8e12ddecd4c39ca9b9b47431afbb975b8abf7f3c3b82c98e9aad052792
  languageName: node
  linkType: hard

"htmlparser2@npm:^8.0.1":
  version: 8.0.1
  resolution: "htmlparser2@npm:8.0.1"
  dependencies:
    domelementtype: ^2.3.0
    domhandler: ^5.0.2
    domutils: ^3.0.1
    entities: ^4.3.0
  checksum: 06d5c71e8313597722bc429ae2a7a8333d77bd3ab07ccb916628384b37332027b047f8619448d8f4a3312b6609c6ea3302a4e77435d859e9e686999e6699ca39
  languageName: node
  linkType: hard

"http-cache-semantics@npm:^4.0.0":
  version: 4.1.0
  resolution: "http-cache-semantics@npm:4.1.0"
  checksum: 974de94a81c5474be07f269f9fd8383e92ebb5a448208223bfb39e172a9dbc26feff250192ecc23b9593b3f92098e010406b0f24bd4d588d631f80214648ed42
  languageName: node
  linkType: hard

"imurmurhash@npm:^0.1.4":
  version: 0.1.4
  resolution: "imurmurhash@npm:0.1.4"
  checksum: 7cae75c8cd9a50f57dadd77482359f659eaebac0319dd9368bcd1714f55e65badd6929ca58569da2b6494ef13fdd5598cd700b1eba23f8b79c5f19d195a3ecf7
  languageName: node
  linkType: hard

"is-obj@npm:^2.0.0":
  version: 2.0.0
  resolution: "is-obj@npm:2.0.0"
  checksum: c9916ac8f4621962a42f5e80e7ffdb1d79a3fab7456ceaeea394cd9e0858d04f985a9ace45be44433bf605673c8be8810540fe4cc7f4266fc7526ced95af5a08
  languageName: node
  linkType: hard

"is-promise@npm:^4.0.0":
  version: 4.0.0
  resolution: "is-promise@npm:4.0.0"
  checksum: 0b46517ad47b00b6358fd6553c83ec1f6ba9acd7ffb3d30a0bf519c5c69e7147c132430452351b8a9fc198f8dd6c4f76f8e6f5a7f100f8c77d57d9e0f4261a8a
  languageName: node
  linkType: hard

"is-typedarray@npm:^1.0.0":
  version: 1.0.0
  resolution: "is-typedarray@npm:1.0.0"
  checksum: 3508c6cd0a9ee2e0df2fa2e9baabcdc89e911c7bd5cf64604586697212feec525aa21050e48affb5ffc3df20f0f5d2e2cf79b08caa64e1ccc9578e251763aef7
  languageName: node
  linkType: hard

"json-buffer@npm:3.0.0":
  version: 3.0.0
  resolution: "json-buffer@npm:3.0.0"
  checksum: 0cecacb8025370686a916069a2ff81f7d55167421b6aa7270ee74e244012650dd6bce22b0852202ea7ff8624fce50ff0ec1bdf95914ccb4553426e290d5a63fa
  languageName: node
  linkType: hard

"keyv@npm:^3.0.0":
  version: 3.1.0
  resolution: "keyv@npm:3.1.0"
  dependencies:
    json-buffer: 3.0.0
  checksum: bb7e8f3acffdbafbc2dd5b63f377fe6ec4c0e2c44fc82720449ef8ab54f4a7ce3802671ed94c0f475ae0a8549703353a2124561fcf3317010c141b32ca1ce903
  languageName: node
  linkType: hard

"limiter@npm:^1.1.5":
  version: 1.1.5
  resolution: "limiter@npm:1.1.5"
  checksum: 2d51d3a8bef131aada820b76530f8223380a0079aa0fffdfd3ec47ac2f65763225cb4c62a2f22347f4898c5eeb248edfec991c4a4f5b608dfca0aaa37ac48071
  languageName: node
  linkType: hard

"lodash@npm:^4.17.21":
  version: 4.17.21
  resolution: "lodash@npm:4.17.21"
  checksum: eb835a2e51d381e561e508ce932ea50a8e5a68f4ebdd771ea240d3048244a8d13658acbd502cd4829768c56f2e16bdd4340b9ea141297d472517b83868e677f7
  languageName: node
  linkType: hard

"lowercase-keys@npm:^1.0.0, lowercase-keys@npm:^1.0.1":
  version: 1.0.1
  resolution: "lowercase-keys@npm:1.0.1"
  checksum: 4d045026595936e09953e3867722e309415ff2c80d7701d067546d75ef698dac218a4f53c6d1d0e7368b47e45fd7529df47e6cb56fbb90523ba599f898b3d147
  languageName: node
  linkType: hard

"lowercase-keys@npm:^2.0.0":
  version: 2.0.0
  resolution: "lowercase-keys@npm:2.0.0"
  checksum: 24d7ebd56ccdf15ff529ca9e08863f3c54b0b9d1edb97a3ae1af34940ae666c01a1e6d200707bce730a8ef76cb57cc10e65f245ecaaf7e6bc8639f2fb460ac23
  languageName: node
  linkType: hard

"make-dir@npm:^3.0.0":
  version: 3.1.0
  resolution: "make-dir@npm:3.1.0"
  dependencies:
    semver: ^6.0.0
  checksum: 484200020ab5a1fdf12f393fe5f385fc8e4378824c940fba1729dcd198ae4ff24867bc7a5646331e50cead8abff5d9270c456314386e629acec6dff4b8016b78
  languageName: node
  linkType: hard

"mime-db@npm:1.52.0":
  version: 1.52.0
  resolution: "mime-db@npm:1.52.0"
  checksum: 0d99a03585f8b39d68182803b12ac601d9c01abfa28ec56204fa330bc9f3d1c5e14beb049bafadb3dbdf646dfb94b87e24d4ec7b31b7279ef906a8ea9b6a513f
  languageName: node
  linkType: hard

"mime-types@npm:^2.1.12":
  version: 2.1.35
  resolution: "mime-types@npm:2.1.35"
  dependencies:
    mime-db: 1.52.0
  checksum: 89a5b7f1def9f3af5dad6496c5ed50191ae4331cc5389d7c521c8ad28d5fdad2d06fd81baf38fed813dc4e46bb55c8145bb0ff406330818c9cf712fb2e9b3836
  languageName: node
  linkType: hard

"mimic-response@npm:^1.0.0, mimic-response@npm:^1.0.1":
  version: 1.0.1
  resolution: "mimic-response@npm:1.0.1"
  checksum: 034c78753b0e622bc03c983663b1cdf66d03861050e0c8606563d149bc2b02d63f62ce4d32be4ab50d0553ae0ffe647fc34d1f5281184c6e1e8cf4d85e8d9823
  languageName: node
  linkType: hard

"misaki-chan@workspace:.":
  version: 0.0.0-use.local
  resolution: "misaki-chan@workspace:."
  dependencies:
    "@vitalets/google-translate-api": ^7.0.0
    common-tags: ^1.8.0
    discord.js: ^12.5.3
    discord.js-commando: "github:discordjs/Commando"
    dot-prop: ^6.0.1
    dotenv: ^8.6.0
    lodash: ^4.17.21
    nana-api: ^1.1.4
    nhentai-api-js: ^1.1.4
    node-superfetch: ^0.1.11
    snekfetch: ^4.0.4
    vndb-api: ^1.0.3
  languageName: unknown
  linkType: soft

"ms@npm:2.0.0":
  version: 2.0.0
  resolution: "ms@npm:2.0.0"
  checksum: 0e6a22b8b746d2e0b65a430519934fefd41b6db0682e3477c10f60c76e947c4c0ad06f63ffdf1d78d335f83edee8c0aa928aa66a36c7cd95b69b26f468d527f4
  languageName: node
  linkType: hard

"nana-api@npm:^1.1.4":
  version: 1.1.5
  resolution: "nana-api@npm:1.1.5"
  dependencies:
    axios: ^0.21.4
    cheerio: ^1.0.0-rc.10
    qs: ^6.10.3
  checksum: 6a40cf30786806effa58aeabe2540970275f08ba9007a24c3d3e1b0e1dc4d00c8f8fc9b078de782e5c21a61f9ecd404a8b519491017260275885dbdebd2c1d30
  languageName: node
  linkType: hard

"nhentai-api-js@npm:^1.1.4":
  version: 1.1.4
  resolution: "nhentai-api-js@npm:1.1.4"
  dependencies:
    axios: ^0.19.2
    cheerio: ^1.0.0-rc.3
    qs: ^6.9.4
  checksum: 40be75e261cc7dc469272682efa8f79837017263adcc6b4f060db2d42e6be42f42c84e204aafc7c424d0641710b337c8a25a757b06cb165eb2f47d135ac78a0b
  languageName: node
  linkType: hard

"node-fetch@npm:^2.6.0, node-fetch@npm:^2.6.1":
  version: 2.6.7
  resolution: "node-fetch@npm:2.6.7"
  dependencies:
    whatwg-url: ^5.0.0
  peerDependencies:
    encoding: ^0.1.0
  peerDependenciesMeta:
    encoding:
      optional: true
  checksum: 8d816ffd1ee22cab8301c7756ef04f3437f18dace86a1dae22cf81db8ef29c0bf6655f3215cb0cdb22b420b6fe141e64b26905e7f33f9377a7fa59135ea3e10b
  languageName: node
  linkType: hard

"node-superfetch@npm:^0.1.11":
  version: 0.1.11
  resolution: "node-superfetch@npm:0.1.11"
  dependencies:
    form-data: ^3.0.0
    node-fetch: ^2.6.0
  checksum: 6f977f02d5927f389fbee7d0665af7c997a739668174cad6131767fa0492f3100f93800c91328e2bdd3587b981d56012b9d3ef614b6d9aa9f357e0ec18d528f2
  languageName: node
  linkType: hard

"normalize-url@npm:^4.1.0":
  version: 4.5.1
  resolution: "normalize-url@npm:4.5.1"
  checksum: 9a9dee01df02ad23e171171893e56e22d752f7cff86fb96aafeae074819b572ea655b60f8302e2d85dbb834dc885c972cc1c573892fea24df46b2765065dd05a
  languageName: node
  linkType: hard

"nth-check@npm:^2.0.1":
  version: 2.1.1
  resolution: "nth-check@npm:2.1.1"
  dependencies:
    boolbase: ^1.0.0
  checksum: 5afc3dafcd1573b08877ca8e6148c52abd565f1d06b1eb08caf982e3fa289a82f2cae697ffb55b5021e146d60443f1590a5d6b944844e944714a5b549675bcd3
  languageName: node
  linkType: hard

"object-inspect@npm:^1.9.0":
  version: 1.12.2
  resolution: "object-inspect@npm:1.12.2"
  checksum: a534fc1b8534284ed71f25ce3a496013b7ea030f3d1b77118f6b7b1713829262be9e6243acbcb3ef8c626e2b64186112cb7f6db74e37b2789b9c789ca23048b2
  languageName: node
  linkType: hard

"once@npm:^1.3.1, once@npm:^1.4.0":
  version: 1.4.0
  resolution: "once@npm:1.4.0"
  dependencies:
    wrappy: 1
  checksum: cd0a88501333edd640d95f0d2700fbde6bff20b3d4d9bdc521bdd31af0656b5706570d6c6afe532045a20bb8dc0849f8332d6f2a416e0ba6d3d3b98806c7db68
  languageName: node
  linkType: hard

"p-cancelable@npm:^1.0.0":
  version: 1.1.0
  resolution: "p-cancelable@npm:1.1.0"
  checksum: 2db3814fef6d9025787f30afaee4496a8857a28be3c5706432cbad76c688a6db1874308f48e364a42f5317f5e41e8e7b4f2ff5c8ff2256dbb6264bc361704ece
  languageName: node
  linkType: hard

"parse5-htmlparser2-tree-adapter@npm:^7.0.0":
  version: 7.0.0
  resolution: "parse5-htmlparser2-tree-adapter@npm:7.0.0"
  dependencies:
    domhandler: ^5.0.2
    parse5: ^7.0.0
  checksum: fc5d01e07733142a1baf81de5c2a9c41426c04b7ab29dd218acb80cd34a63177c90aff4a4aee66cf9f1d0aeecff1389adb7452ad6f8af0a5888e3e9ad6ef733d
  languageName: node
  linkType: hard

"parse5@npm:^7.0.0":
  version: 7.1.2
  resolution: "parse5@npm:7.1.2"
  dependencies:
    entities: ^4.4.0
  checksum: 59465dd05eb4c5ec87b76173d1c596e152a10e290b7abcda1aecf0f33be49646ea74840c69af975d7887543ea45564801736356c568d6b5e71792fd0f4055713
  languageName: node
  linkType: hard

"prepend-http@npm:^2.0.0":
  version: 2.0.0
  resolution: "prepend-http@npm:2.0.0"
  checksum: 7694a9525405447662c1ffd352fcb41b6410c705b739b6f4e3a3e21cf5fdede8377890088e8934436b8b17ba55365a615f153960f30877bf0d0392f9e93503ea
  languageName: node
  linkType: hard

"prism-media@npm:^1.2.9":
  version: 1.3.4
  resolution: "prism-media@npm:1.3.4"
  peerDependencies:
    "@discordjs/opus": ^0.8.0
    ffmpeg-static: ^5.0.2 || ^4.2.7 || ^3.0.0 || ^2.4.0
    node-opus: ^0.3.3
    opusscript: ^0.0.8
  peerDependenciesMeta:
    "@discordjs/opus":
      optional: true
    ffmpeg-static:
      optional: true
    node-opus:
      optional: true
    opusscript:
      optional: true
  checksum: 703be28c87b4694714a52a0ea84516b19d2e62e510d0f204efc074b044ad93dde00241d4b4741c25aa2e27a00e3b472e60ad0f6c94e88710f0827dc63889373a
  languageName: node
  linkType: hard

"pump@npm:^3.0.0":
  version: 3.0.0
  resolution: "pump@npm:3.0.0"
  dependencies:
    end-of-stream: ^1.1.0
    once: ^1.3.1
  checksum: e42e9229fba14732593a718b04cb5e1cfef8254544870997e0ecd9732b189a48e1256e4e5478148ecb47c8511dca2b09eae56b4d0aad8009e6fac8072923cfc9
  languageName: node
  linkType: hard

"qs@npm:^6.10.3, qs@npm:^6.9.4":
  version: 6.11.0
  resolution: "qs@npm:6.11.0"
  dependencies:
    side-channel: ^1.0.4
  checksum: 6e1f29dd5385f7488ec74ac7b6c92f4d09a90408882d0c208414a34dd33badc1a621019d4c799a3df15ab9b1d0292f97c1dd71dc7c045e69f81a8064e5af7297
  languageName: node
  linkType: hard

"require-all@npm:^3.0.0":
  version: 3.0.0
  resolution: "require-all@npm:3.0.0"
  checksum: f2d652d6bca4201bda1ff2f7d4f46a3edd136cc6fd81d38caff50eaa4669ae7ae459f32a06b0892e754bf0f7aae21fbe69172409dff1abd78be5c12cab750a01
  languageName: node
  linkType: hard

"responselike@npm:^1.0.2":
  version: 1.0.2
  resolution: "responselike@npm:1.0.2"
  dependencies:
    lowercase-keys: ^1.0.0
  checksum: 2e9e70f1dcca3da621a80ce71f2f9a9cad12c047145c6ece20df22f0743f051cf7c73505e109814915f23f9e34fb0d358e22827723ee3d56b623533cab8eafcd
  languageName: node
  linkType: hard

"semver@npm:^6.0.0":
  version: 6.3.0
  resolution: "semver@npm:6.3.0"
  bin:
    semver: ./bin/semver.js
  checksum: 1b26ecf6db9e8292dd90df4e781d91875c0dcc1b1909e70f5d12959a23c7eebb8f01ea581c00783bbee72ceeaad9505797c381756326073850dc36ed284b21b9
  languageName: node
  linkType: hard

"setimmediate@npm:^1.0.5":
  version: 1.0.5
  resolution: "setimmediate@npm:1.0.5"
  checksum: c9a6f2c5b51a2dabdc0247db9c46460152ffc62ee139f3157440bd48e7c59425093f42719ac1d7931f054f153e2d26cf37dfeb8da17a794a58198a2705e527fd
  languageName: node
  linkType: hard

"side-channel@npm:^1.0.4":
  version: 1.0.4
  resolution: "side-channel@npm:1.0.4"
  dependencies:
    call-bind: ^1.0.0
    get-intrinsic: ^1.0.2
    object-inspect: ^1.9.0
  checksum: 351e41b947079c10bd0858364f32bb3a7379514c399edb64ab3dce683933483fc63fb5e4efe0a15a2e8a7e3c436b6a91736ddb8d8c6591b0460a24bb4a1ee245
  languageName: node
  linkType: hard

"signal-exit@npm:^3.0.2":
  version: 3.0.7
  resolution: "signal-exit@npm:3.0.7"
  checksum: a2f098f247adc367dffc27845853e9959b9e88b01cb301658cfe4194352d8d2bb32e18467c786a7fe15f1d44b233ea35633d076d5e737870b7139949d1ab6318
  languageName: node
  linkType: hard

"snekfetch@npm:^4.0.4":
  version: 4.0.4
  resolution: "snekfetch@npm:4.0.4"
  checksum: 539ca634ed0eb90b660d939a9d9688e880c73ceb94f1d0d902e380dbc496ec3ab18960bd36d7e068413df943292acdb525b906666aaba1e53ca0c9fe5a0acd33
  languageName: node
  linkType: hard

"tarn@npm:^2.0.0":
  version: 2.0.0
  resolution: "tarn@npm:2.0.0"
  checksum: 47c401580fc892f00df7186564c6fdf661b4c78ad6b2e17e737d92a0027639bfc365ad5dd9ae107e87889044655638ac89769fd8e0c75da6ca8d641d4cde19f6
  languageName: node
  linkType: hard

"to-readable-stream@npm:^1.0.0":
  version: 1.0.0
  resolution: "to-readable-stream@npm:1.0.0"
  checksum: 2bd7778490b6214a2c40276065dd88949f4cf7037ce3964c76838b8cb212893aeb9cceaaf4352a4c486e3336214c350270f3263e1ce7a0c38863a715a4d9aeb5
  languageName: node
  linkType: hard

"tr46@npm:~0.0.3":
  version: 0.0.3
  resolution: "tr46@npm:0.0.3"
  checksum: 726321c5eaf41b5002e17ffbd1fb7245999a073e8979085dacd47c4b4e8068ff5777142fc6726d6ca1fd2ff16921b48788b87225cbc57c72636f6efa8efbffe3
  languageName: node
  linkType: hard

"tweetnacl@npm:^1.0.3":
  version: 1.0.3
  resolution: "tweetnacl@npm:1.0.3"
  checksum: e4a57cac188f0c53f24c7a33279e223618a2bfb5fea426231991652a13247bea06b081fd745d71291fcae0f4428d29beba1b984b1f1ce6f66b06a6d1ab90645c
  languageName: node
  linkType: hard

"typedarray-to-buffer@npm:^3.1.5":
  version: 3.1.5
  resolution: "typedarray-to-buffer@npm:3.1.5"
  dependencies:
    is-typedarray: ^1.0.0
  checksum: 99c11aaa8f45189fcfba6b8a4825fd684a321caa9bd7a76a27cf0c7732c174d198b99f449c52c3818107430b5f41c0ccbbfb75cb2ee3ca4a9451710986d61a60
  languageName: node
  linkType: hard

"unique-string@npm:^2.0.0":
  version: 2.0.0
  resolution: "unique-string@npm:2.0.0"
  dependencies:
    crypto-random-string: ^2.0.0
  checksum: ef68f639136bcfe040cf7e3cd7a8dff076a665288122855148a6f7134092e6ed33bf83a7f3a9185e46c98dddc445a0da6ac25612afa1a7c38b8b654d6c02498e
  languageName: node
  linkType: hard

"url-parse-lax@npm:^3.0.0":
  version: 3.0.0
  resolution: "url-parse-lax@npm:3.0.0"
  dependencies:
    prepend-http: ^2.0.0
  checksum: 1040e357750451173132228036aff1fd04abbd43eac1fb3e4fca7495a078bcb8d33cb765fe71ad7e473d9c94d98fd67adca63bd2716c815a2da066198dd37217
  languageName: node
  linkType: hard

"vndb-api@npm:^1.0.3":
  version: 1.0.3
  resolution: "vndb-api@npm:1.0.3"
  dependencies:
    limiter: ^1.1.5
    tarn: ^2.0.0
  checksum: 2fa36d04d88e16b7ccec50dc6cea17eac8a9a8ab1d5bea1419b30334873deb2d291deee38fcf93c1dbf5c26e5f94253ecf143fcd106292e143d52168c491ab4e
  languageName: node
  linkType: hard

"webidl-conversions@npm:^3.0.0":
  version: 3.0.1
  resolution: "webidl-conversions@npm:3.0.1"
  checksum: c92a0a6ab95314bde9c32e1d0a6dfac83b578f8fa5f21e675bc2706ed6981bc26b7eb7e6a1fab158e5ce4adf9caa4a0aee49a52505d4d13c7be545f15021b17c
  languageName: node
  linkType: hard

"whatwg-url@npm:^5.0.0":
  version: 5.0.0
  resolution: "whatwg-url@npm:5.0.0"
  dependencies:
    tr46: ~0.0.3
    webidl-conversions: ^3.0.0
  checksum: b8daed4ad3356cc4899048a15b2c143a9aed0dfae1f611ebd55073310c7b910f522ad75d727346ad64203d7e6c79ef25eafd465f4d12775ca44b90fa82ed9e2c
  languageName: node
  linkType: hard

"wrappy@npm:1":
  version: 1.0.2
  resolution: "wrappy@npm:1.0.2"
  checksum: 159da4805f7e84a3d003d8841557196034155008f817172d4e986bd591f74aa82aa7db55929a54222309e01079a65a92a9e6414da5a6aa4b01ee44a511ac3ee5
  languageName: node
  linkType: hard

"write-file-atomic@npm:^3.0.0":
  version: 3.0.3
  resolution: "write-file-atomic@npm:3.0.3"
  dependencies:
    imurmurhash: ^0.1.4
    is-typedarray: ^1.0.0
    signal-exit: ^3.0.2
    typedarray-to-buffer: ^3.1.5
  checksum: c55b24617cc61c3a4379f425fc62a386cc51916a9b9d993f39734d005a09d5a4bb748bc251f1304e7abd71d0a26d339996c275955f527a131b1dcded67878280
  languageName: node
  linkType: hard

"ws@npm:^7.4.4":
  version: 7.5.9
  resolution: "ws@npm:7.5.9"
  peerDependencies:
    bufferutil: ^4.0.1
    utf-8-validate: ^5.0.2
  peerDependenciesMeta:
    bufferutil:
      optional: true
    utf-8-validate:
      optional: true
  checksum: c3c100a181b731f40b7f2fddf004aa023f79d64f489706a28bc23ff88e87f6a64b3c6651fbec3a84a53960b75159574d7a7385709847a62ddb7ad6af76f49138
  languageName: node
  linkType: hard

"xdg-basedir@npm:^4.0.0":
  version: 4.0.0
  resolution: "xdg-basedir@npm:4.0.0"
  checksum: 0073d5b59a37224ed3a5ac0dd2ec1d36f09c49f0afd769008a6e9cd3cd666bd6317bd1c7ce2eab47e1de285a286bad11a9b038196413cd753b79770361855f3c
  languageName: node
  linkType: hard
