# This file is generated by running "yarn install" inside your project.
# Manual changes might be lost - proceed with caution!

__metadata:
  version: 4
  cacheKey: 8

"@discordjs/builders@npm:^0.5.0":
  version: 0.5.0
  resolution: "@discordjs/builders@npm:0.5.0"
  dependencies:
    "@sindresorhus/is": ^4.0.1
    discord-api-types: ^0.22.0
    ow: ^0.27.0
    ts-mixer: ^6.0.0
    tslib: ^2.3.0
  checksum: 064bd547b63a8cc593b3f8b0e290cb1c27cf335a89addd77aeb078055a92201a6905d0a67919004da0c915d01c0104383c5c06a07df751e4a4e921d7a000f6e3
  languageName: node
  linkType: hard

"@discordjs/collection@npm:^0.2.1":
  version: 0.2.1
  resolution: "@discordjs/collection@npm:0.2.1"
  checksum: e68d4bbf83b03bc18c7648d0f5c5669d1f1a394596bc2fcbb907284cff65657b28dbf165a1b8ccae20b6bc0726bc8a0a276d8adba8f9413502bb19d61b98598f
  languageName: node
  linkType: hard

"@discordjs/form-data@npm:^3.0.1":
  version: 3.0.1
  resolution: "@discordjs/form-data@npm:3.0.1"
  dependencies:
    asynckit: ^0.4.0
    combined-stream: ^1.0.8
    mime-types: ^2.1.12
  checksum: 2b431b1a14f8ac521e1c13567856cef7e61e05aafe2721e03d9e074bb7e5f45c89fc123b126964943edf301ec612d04515dcf068ea9773a2e30a99a844c00603
  languageName: node
  linkType: hard

"@sapphire/async-queue@npm:^1.1.4":
  version: 1.1.4
  resolution: "@sapphire/async-queue@npm:1.1.4"
  checksum: 416a8f3b1de7452b251a650c1b33d5bef829a7b6ef215ad58a0cc04847f247f17ebae1e9424a26f29ec2e36d2f98294e71cdafe20a32612356b4674dd4125ae0
  languageName: node
  linkType: hard

"@sindresorhus/is@npm:^4.0.1":
  version: 4.0.1
  resolution: "@sindresorhus/is@npm:4.0.1"
  checksum: 92ae3f3d765bd5bc7355852cb9852091ebce6a76bb00eeb37d08e0247b9b3e742eae43ff3753de0c0c00876c526613db6433c9594ae0d17b305b3d6dbeef2514
  languageName: node
  linkType: hard

"@types/node@npm:*":
  version: 16.4.13
  resolution: "@types/node@npm:16.4.13"
  checksum: 071e86a1d196cf72928a7109e99769dffed93db481032b9ca2f52e6f3ced432e2a179849c85e587e67409202e1ed37bffd0c7a31d38adf35a385d327dfe8bd72
  languageName: node
  linkType: hard

"@types/ws@npm:^7.4.7":
  version: 7.4.7
  resolution: "@types/ws@npm:7.4.7"
  dependencies:
    "@types/node": "*"
  checksum: b4c9b8ad209620c9b21e78314ce4ff07515c0cadab9af101c1651e7bfb992d7fd933bd8b9c99d110738fd6db523ed15f82f29f50b45510288da72e964dedb1a3
  languageName: node
  linkType: hard

"asynckit@npm:^0.4.0":
  version: 0.4.0
  resolution: "asynckit@npm:0.4.0"
  checksum: 7b78c451df768adba04e2d02e63e2d0bf3b07adcd6e42b4cf665cb7ce899bedd344c69a1dcbce355b5f972d597b25aaa1c1742b52cffd9caccb22f348114f6be
  languageName: node
  linkType: hard

"axios@npm:^0.21.1":
  version: 0.21.1
  resolution: "axios@npm:0.21.1"
  dependencies:
    follow-redirects: ^1.10.0
  checksum: c87915fa0b18c15c63350112b6b3563a3e2ae524d7707de0a73d2e065e0d30c5d3da8563037bc29d4cc1b7424b5a350cb7274fa52525c6c04a615fe561c6ab11
  languageName: node
  linkType: hard

"callsites@npm:^3.1.0":
  version: 3.1.0
  resolution: "callsites@npm:3.1.0"
  checksum: 072d17b6abb459c2ba96598918b55868af677154bec7e73d222ef95a8fdb9bbf7dae96a8421085cdad8cd190d86653b5b6dc55a4484f2e5b2e27d5e0c3fc15b3
  languageName: node
  linkType: hard

"combined-stream@npm:^1.0.8":
  version: 1.0.8
  resolution: "combined-stream@npm:1.0.8"
  dependencies:
    delayed-stream: ~1.0.0
  checksum: 49fa4aeb4916567e33ea81d088f6584749fc90c7abec76fd516bf1c5aa5c79f3584b5ba3de6b86d26ddd64bae5329c4c7479343250cfe71c75bb366eae53bb7c
  languageName: node
  linkType: hard

"delayed-stream@npm:~1.0.0":
  version: 1.0.0
  resolution: "delayed-stream@npm:1.0.0"
  checksum: 46fe6e83e2cb1d85ba50bd52803c68be9bd953282fa7096f51fc29edd5d67ff84ff753c51966061e5ba7cb5e47ef6d36a91924eddb7f3f3483b1c560f77a0020
  languageName: node
  linkType: hard

"discord-api-types@npm:^0.22.0":
  version: 0.22.0
  resolution: "discord-api-types@npm:0.22.0"
  checksum: 673bcd960e394d8a3752bb03d50de44e74d508450e3d2cce947a69e0a6dc43c00196e18245c88dd26f3a8b0a56b40e0dbf52e058b7aabc7ed77f0f018003cb04
  languageName: node
  linkType: hard

"discord.js@npm:^13.1.0":
  version: 13.1.0
  resolution: "discord.js@npm:13.1.0"
  dependencies:
    "@discordjs/builders": ^0.5.0
    "@discordjs/collection": ^0.2.1
    "@discordjs/form-data": ^3.0.1
    "@sapphire/async-queue": ^1.1.4
    "@types/ws": ^7.4.7
    discord-api-types: ^0.22.0
    node-fetch: ^2.6.1
    ws: ^7.5.1
  checksum: 90f629be6296c89bfa25bd8a2bb486c3e00deb25fd1e0ae931658ee3f58e83fbe5e205180ab795aa39a2614c74d4dc9e8bb5aa0c9b3a7ebdcf03992f18602372
  languageName: node
  linkType: hard

"dot-prop@npm:^6.0.1":
  version: 6.0.1
  resolution: "dot-prop@npm:6.0.1"
  dependencies:
    is-obj: ^2.0.0
  checksum: 0f47600a4b93e1dc37261da4e6909652c008832a5d3684b5bf9a9a0d3f4c67ea949a86dceed9b72f5733ed8e8e6383cc5958df3bbd0799ee317fd181f2ece700
  languageName: node
  linkType: hard

"dotenv@npm:^10.0.0":
  version: 10.0.0
  resolution: "dotenv@npm:10.0.0"
  checksum: f412c5fe8c24fbe313d302d2500e247ba8a1946492db405a4de4d30dd0eb186a88a43f13c958c5a7de303938949c4231c56994f97d05c4bc1f22478d631b4005
  languageName: node
  linkType: hard

"follow-redirects@npm:^1.10.0":
  version: 1.14.2
  resolution: "follow-redirects@npm:1.14.2"
  peerDependenciesMeta:
    debug:
      optional: true
  checksum: 53195df4a2f36202177f40a2d59d497d630f3b20e2e51e2b697ee5f9c0a5261985f164b23d3744a574e117618af668d07c0d000c2c5cb0c1546851671585ac4e
  languageName: node
  linkType: hard

"is-obj@npm:^2.0.0":
  version: 2.0.0
  resolution: "is-obj@npm:2.0.0"
  checksum: c9916ac8f4621962a42f5e80e7ffdb1d79a3fab7456ceaeea394cd9e0858d04f985a9ace45be44433bf605673c8be8810540fe4cc7f4266fc7526ced95af5a08
  languageName: node
  linkType: hard

"lodash.isequal@npm:^4.5.0":
  version: 4.5.0
  resolution: "lodash.isequal@npm:4.5.0"
  checksum: da27515dc5230eb1140ba65ff8de3613649620e8656b19a6270afe4866b7bd461d9ba2ac8a48dcc57f7adac4ee80e1de9f965d89d4d81a0ad52bb3eec2609644
  languageName: node
  linkType: hard

"mime-db@npm:1.49.0":
  version: 1.49.0
  resolution: "mime-db@npm:1.49.0"
  checksum: 3744efc45b17896ff8a5934a761c434d5ffe3c7816662002d799ca9934347e00f99ae4d9b4ddf1c48d391cc9e522cc4523a6e77e7701f8e27c426e3e1d6e215a
  languageName: node
  linkType: hard

"mime-types@npm:^2.1.12":
  version: 2.1.32
  resolution: "mime-types@npm:2.1.32"
  dependencies:
    mime-db: 1.49.0
  checksum: 4487dfd2f872126d2c219ec731ad47a6169a438d5a4cce6ecef7594ce08eaefaf0d85429485a76ec005f095016c7ec488a24cf8bfcc0ea06de0355e23395746f
  languageName: node
  linkType: hard

"misaki-rewrite@workspace:.":
  version: 0.0.0-use.local
  resolution: "misaki-rewrite@workspace:."
  dependencies:
    axios: ^0.21.1
    discord.js: ^13.1.0
    dotenv: ^10.0.0
    nhentai: ^3.0.0
  languageName: unknown
  linkType: soft

"nhentai@npm:^3.0.0":
  version: 3.0.0
  resolution: "nhentai@npm:3.0.0"
  dependencies:
    node-fetch: ^2.6.1
  checksum: cd0e8da2e024a9827e5b1e218512298e05e6f065427268389ae96605f46c737d66e88a10e96320fef63dde07928cbb0a1073555f29b88765e7e599e046c12611
  languageName: node
  linkType: hard

"node-fetch@npm:^2.6.1":
  version: 2.6.1
  resolution: "node-fetch@npm:2.6.1"
  checksum: 91075bedd57879117e310fbcc36983ad5d699e522edb1ebcdc4ee5294c982843982652925c3532729fdc86b2d64a8a827797a745f332040d91823c8752ee4d7c
  languageName: node
  linkType: hard

"ow@npm:^0.27.0":
  version: 0.27.0
  resolution: "ow@npm:0.27.0"
  dependencies:
    "@sindresorhus/is": ^4.0.1
    callsites: ^3.1.0
    dot-prop: ^6.0.1
    lodash.isequal: ^4.5.0
    type-fest: ^1.2.1
    vali-date: ^1.0.0
  checksum: bffd6fa43d004163bab9821fae4d2eceee92d70059ba2a5dca1ad7497cd167554224a7efab3d41476112fbab4714afa99b8866506e8b9bad5d690cf967146332
  languageName: node
  linkType: hard

"ts-mixer@npm:^6.0.0":
  version: 6.0.0
  resolution: "ts-mixer@npm:6.0.0"
  checksum: 791a513c9ca318a979928f5265fd6029858fa21595153a9386063c11239a6b1c352db1e277c19f0544d017a67cf78d120a7438b86b2c828b1115eb607538eff8
  languageName: node
  linkType: hard

"tslib@npm:^2.3.0":
  version: 2.3.0
  resolution: "tslib@npm:2.3.0"
  checksum: 8869694c26e4a7b56d449662fd54a4f9ba872c889d991202c74462bd99f10e61d5bd63199566c4284c0f742277736292a969642cc7b590f98727a7cae9529122
  languageName: node
  linkType: hard

"type-fest@npm:^1.2.1":
  version: 1.4.0
  resolution: "type-fest@npm:1.4.0"
  checksum: b011c3388665b097ae6a109a437a04d6f61d81b7357f74cbcb02246f2f5bd72b888ae33631b99871388122ba0a87f4ff1c94078e7119ff22c70e52c0ff828201
  languageName: node
  linkType: hard

"vali-date@npm:^1.0.0":
  version: 1.0.0
  resolution: "vali-date@npm:1.0.0"
  checksum: 6464369cb77003a966591f2bd17b7c938c480956992e254b3455fd1651a3b7633e23aac8a03b974bbdfbd2357da52b98d46357bb6f292ffd28768a6d3959e61e
  languageName: node
  linkType: hard

"ws@npm:^7.5.1":
  version: 7.5.3
  resolution: "ws@npm:7.5.3"
  peerDependencies:
    bufferutil: ^4.0.1
    utf-8-validate: ^5.0.2
  peerDependenciesMeta:
    bufferutil:
      optional: true
    utf-8-validate:
      optional: true
  checksum: 423dc0d859fa74020f5555140905b862470a60ea1567bb9ad55a087263d7718b9c94f69678be1cee9868925c570f1e6fc79d09f90c39057bc63fa2edbb2c547b
  languageName: node
  linkType: hard
